
Microsoft Visual Studio Solution File, Format Version 12.00
# Visual Studio Version 17
VisualStudioVersion = 17.7.34031.279
MinimumVisualStudioVersion = 10.0.40219.1
Project("{9A19103F-16F7-4668-BE54-9A1E7A4F7556}") = "MegaCastings", "MegaCastings.csproj", "{CAD78536-4735-471E-8459-17536E3719E1}"
EndProject
Project("{9A19103F-16F7-4668-BE54-9A1E7A4F7556}") = "MegaCastings.DBLib", "..\MegaCastings.DBLib\MegaCastings.DBLib.csproj", "{C5972F69-5A95-477F-87A1-33C5367E7972}"
EndProject
Global
	GlobalSection(SolutionConfigurationPlatforms) = preSolution
		Debug|Any CPU = Debug|Any CPU
		Release|Any CPU = Release|Any CPU
	EndGlobalSection
	GlobalSection(ProjectConfigurationPlatforms) = postSolution
		{CAD78536-4735-471E-8459-17536E3719E1}.Debug|Any CPU.ActiveCfg = Debug|Any CPU
		{CAD78536-4735-471E-8459-17536E3719E1}.Debug|Any CPU.Build.0 = Debug|Any CPU
		{CAD78536-4735-471E-8459-17536E3719E1}.Release|Any CPU.ActiveCfg = Release|Any CPU
		{CAD78536-4735-471E-8459-17536E3719E1}.Release|Any CPU.Build.0 = Release|Any CPU
		{C5972F69-5A95-477F-87A1-33C5367E7972}.Debug|Any CPU.ActiveCfg = Debug|Any CPU
		{C5972F69-5A95-477F-87A1-33C5367E7972}.Debug|Any CPU.Build.0 = Debug|Any CPU
		{C5972F69-5A95-477F-87A1-33C5367E7972}.Release|Any CPU.ActiveCfg = Release|Any CPU
		{C5972F69-5A95-477F-87A1-33C5367E7972}.Release|Any CPU.Build.0 = Release|Any CPU
	EndGlobalSection
	GlobalSection(SolutionProperties) = preSolution
		HideSolutionNode = FALSE
	EndGlobalSection
	GlobalSection(ExtensibilityGlobals) = postSolution
		SolutionGuid = {6C783833-46FA-42AD-B52C-4A72BBA1BFC3}
	EndGlobalSection
EndGlobal
